
Microsoft Visual Studio Solution File, Format Version 12.00
# Visual Studio Version 18
VisualStudioVersion = 18.0.11205.157
MinimumVisualStudioVersion = 10.0.40219.1
Project("{2150E333-8FDC-42A3-9474-1A3956D46DE8}") = "src", "src", "{629DD38E-D0D2-418E-8171-262FD10A834B}"
	ProjectSection(SolutionItems) = preProject
		src\ClientApi.cs = src\ClientApi.cs
		src\ServiceInfo.cs = src\ServiceInfo.cs
	EndProjectSection
EndProject
Project("{2150E333-8FDC-42A3-9474-1A3956D46DE8}") = ".github", ".github", "{595BE72C-91D1-41F9-B774-07EE2ED7FAD4}"
EndProject
Project("{2150E333-8FDC-42A3-9474-1A3956D46DE8}") = "workflows", "workflows", "{73EC7043-0731-4906-9C6A-5AB62BFDEE77}"
	ProjectSection(SolutionItems) = preProject
		.github\workflows\build_10.0.yml = .github\workflows\build_10.0.yml
	EndProjectSection
EndProject
Project("{2150E333-8FDC-42A3-9474-1A3956D46DE8}") = "솔루션 항목", "솔루션 항목", "{0FF55E53-4DC2-49BE-A6A7-9C58FF9F7DC4}"
	ProjectSection(SolutionItems) = preProject
		.gitignore = .gitignore
		LICENSE = LICENSE
		README.md = README.md
	EndProjectSection
EndProject
Project("{FAE04EC0-301F-11D3-BF4B-00C04F79EFBC}") = "MetaFrm.Service.ClientApi(net10.0)", "MetaFrm.Service.ClientApi(net10.0)\MetaFrm.Service.ClientApi(net10.0).csproj", "{E81A4299-DC17-95C8-2950-98FD0A26F4DF}"
EndProject
Global
	GlobalSection(SolutionConfigurationPlatforms) = preSolution
		Debug|Any CPU = Debug|Any CPU
		Release|Any CPU = Release|Any CPU
	EndGlobalSection
	GlobalSection(ProjectConfigurationPlatforms) = postSolution
		{E81A4299-DC17-95C8-2950-98FD0A26F4DF}.Debug|Any CPU.ActiveCfg = Debug|Any CPU
		{E81A4299-DC17-95C8-2950-98FD0A26F4DF}.Debug|Any CPU.Build.0 = Debug|Any CPU
		{E81A4299-DC17-95C8-2950-98FD0A26F4DF}.Release|Any CPU.ActiveCfg = Release|Any CPU
		{E81A4299-DC17-95C8-2950-98FD0A26F4DF}.Release|Any CPU.Build.0 = Release|Any CPU
	EndGlobalSection
	GlobalSection(SolutionProperties) = preSolution
		HideSolutionNode = FALSE
	EndGlobalSection
	GlobalSection(NestedProjects) = preSolution
		{73EC7043-0731-4906-9C6A-5AB62BFDEE77} = {595BE72C-91D1-41F9-B774-07EE2ED7FAD4}
	EndGlobalSection
	GlobalSection(ExtensibilityGlobals) = postSolution
		SolutionGuid = {447160AC-39F7-4A8B-B83F-9F57E79389AD}
	EndGlobalSection
EndGlobal
