
Microsoft Visual Studio Solution File, Format Version 12.00
# Visual Studio Version 17
VisualStudioVersion = 17.2.32516.85
MinimumVisualStudioVersion = 10.0.40219.1
Project("{2150E333-8FDC-42A3-9474-1A3956D46DE8}") = "src", "src", "{629DD38E-D0D2-418E-8171-262FD10A834B}"
	ProjectSection(SolutionItems) = preProject
		src\ClientApi.cs = src\ClientApi.cs
		src\ServiceInfo.cs = src\ServiceInfo.cs
	EndProjectSection
EndProject
Project("{2150E333-8FDC-42A3-9474-1A3956D46DE8}") = ".github", ".github", "{595BE72C-91D1-41F9-B774-07EE2ED7FAD4}"
EndProject
Project("{2150E333-8FDC-42A3-9474-1A3956D46DE8}") = "workflows", "workflows", "{73EC7043-0731-4906-9C6A-5AB62BFDEE77}"
	ProjectSection(SolutionItems) = preProject
		.github\workflows\build_8.0.yml = .github\workflows\build_8.0.yml
		.github\workflows\build_9.0.yml = .github\workflows\build_9.0.yml
	EndProjectSection
EndProject
Project("{2150E333-8FDC-42A3-9474-1A3956D46DE8}") = "솔루션 항목", "솔루션 항목", "{0FF55E53-4DC2-49BE-A6A7-9C58FF9F7DC4}"
	ProjectSection(SolutionItems) = preProject
		.gitignore = .gitignore
		LICENSE = LICENSE
		README.md = README.md
	EndProjectSection
EndProject
Project("{9A19103F-16F7-4668-BE54-9A1E7A4F7556}") = "MetaFrm.Service.ClientApi(net8.0)", "MetaFrm.Service.ClientApi(net8.0)\MetaFrm.Service.ClientApi(net8.0).csproj", "{1B5F7666-C2BB-4A6B-9991-4C3ACC2CDA00}"
EndProject
Project("{FAE04EC0-301F-11D3-BF4B-00C04F79EFBC}") = "MetaFrm.Service.ClientApi(net9.0)", "MetaFrm.Service.ClientApi(net9.0)\MetaFrm.Service.ClientApi(net9.0).csproj", "{10A1814A-F70D-42AA-8AE2-B710CB743EB9}"
EndProject
Global
	GlobalSection(SolutionConfigurationPlatforms) = preSolution
		Debug|Any CPU = Debug|Any CPU
		Release|Any CPU = Release|Any CPU
	EndGlobalSection
	GlobalSection(ProjectConfigurationPlatforms) = postSolution
		{1B5F7666-C2BB-4A6B-9991-4C3ACC2CDA00}.Debug|Any CPU.ActiveCfg = Debug|Any CPU
		{1B5F7666-C2BB-4A6B-9991-4C3ACC2CDA00}.Debug|Any CPU.Build.0 = Debug|Any CPU
		{1B5F7666-C2BB-4A6B-9991-4C3ACC2CDA00}.Release|Any CPU.ActiveCfg = Release|Any CPU
		{1B5F7666-C2BB-4A6B-9991-4C3ACC2CDA00}.Release|Any CPU.Build.0 = Release|Any CPU
		{10A1814A-F70D-42AA-8AE2-B710CB743EB9}.Debug|Any CPU.ActiveCfg = Debug|Any CPU
		{10A1814A-F70D-42AA-8AE2-B710CB743EB9}.Debug|Any CPU.Build.0 = Debug|Any CPU
		{10A1814A-F70D-42AA-8AE2-B710CB743EB9}.Release|Any CPU.ActiveCfg = Release|Any CPU
		{10A1814A-F70D-42AA-8AE2-B710CB743EB9}.Release|Any CPU.Build.0 = Release|Any CPU
	EndGlobalSection
	GlobalSection(SolutionProperties) = preSolution
		HideSolutionNode = FALSE
	EndGlobalSection
	GlobalSection(NestedProjects) = preSolution
		{73EC7043-0731-4906-9C6A-5AB62BFDEE77} = {595BE72C-91D1-41F9-B774-07EE2ED7FAD4}
	EndGlobalSection
	GlobalSection(ExtensibilityGlobals) = postSolution
		SolutionGuid = {447160AC-39F7-4A8B-B83F-9F57E79389AD}
	EndGlobalSection
EndGlobal
